{
  "name": "ROOPeS",
  "lockfileVersion": 3,
  "requires": true,
  "packages": {
    "": {
      "dependencies": {
        "@jsware/jsonpath-cli": "^1.1.0"
      }
    },
    "node_modules/@jsware/jsonpath-cli": {
      "version": "1.1.0",
      "resolved": "https://registry.npmjs.org/@jsware/jsonpath-cli/-/jsonpath-cli-1.1.0.tgz",
      "integrity": "sha512-hHZg9s+btCOXtUeGB2EVATd8DcMmDesLiT9zMGpJStobmkHFAeY84UYUVGaLK17EAGl+KjVuBDKVCNGSdvkB0g==",
      "dependencies": {
        "commander": "^8.2.0",
        "jsonpath-plus": "^6.0.1"
      },
      "bin": {
        "jpp": "bin/jpp"
      },
      "engines": {
        "node": ">=12.0.0"
      }
    },
    "node_modules/commander": {
      "version": "8.3.0",
      "resolved": "https://registry.npmjs.org/commander/-/commander-8.3.0.tgz",
      "integrity": "sha512-OkTL9umf+He2DZkUq8f8J9of7yL6RJKI24dVITBmNfZBmri9zYZQrKkuXiKhyfPSu8tUhnVBB1iKXevvnlR4Ww==",
      "engines": {
        "node": ">= 12"
      }
    },
    "node_modules/jsonpath-plus": {
      "version": "6.0.1",
      "resolved": "https://registry.npmjs.org/jsonpath-plus/-/jsonpath-plus-6.0.1.tgz",
      "integrity": "sha512-EvGovdvau6FyLexFH2OeXfIITlgIbgZoAZe3usiySeaIDm5QS+A10DKNpaPBBqqRSZr2HN6HVNXxtwUAr2apEw==",
      "engines": {
        "node": ">=10.0.0"
      }
    }
  }
}
